// !$*UTF8*$!
{
	archiveVersion = 1;
	classes = {
	};
	objectVersion = 56;
	objects = {

/* Begin PBXBuildFile section */
		650E6B922C4DD010007B18D7 /* Resources in Resources */ = {isa = PBXBuildFile; fileRef = 650E6B912C4DD010007B18D7 /* Resources */; };
		650E6B942C4DD0CB007B18D7 /* dependencies.json in Resources */ = {isa = PBXBuildFile; fileRef = 650E6B932C4DD0CB007B18D7 /* dependencies.json */; };
		65182CF82C4C4A96006E0F60 /* DependencyGraph.swift in Sources */ = {isa = PBXBuildFile; fileRef = 65182CF72C4C4A96006E0F60 /* DependencyGraph.swift */; };
		65182CFC2C4C4AA9006E0F60 /* Dependency.swift in Sources */ = {isa = PBXBuildFile; fileRef = 65182CF92C4C4AA9006E0F60 /* Dependency.swift */; };
		65182CFD2C4C4AA9006E0F60 /* DependencyView.swift in Sources */ = {isa = PBXBuildFile; fileRef = 65182CFA2C4C4AA9006E0F60 /* DependencyView.swift */; };
		65182CFE2C4C4AA9006E0F60 /* ContentView.swift in Sources */ = {isa = PBXBuildFile; fileRef = 65182CFB2C4C4AA9006E0F60 /* ContentView.swift */; };
		65182D002C4C4AB8006E0F60 /* View+Extension.swift in Sources */ = {isa = PBXBuildFile; fileRef = 65182CFF2C4C4AB8006E0F60 /* View+Extension.swift */; };
/* End PBXBuildFile section */

/* Begin PBXFileReference section */
		650E6B912C4DD010007B18D7 /* Resources */ = {isa = PBXFileReference; lastKnownFileType = folder; path = Resources; sourceTree = "<group>"; };
		650E6B932C4DD0CB007B18D7 /* dependencies.json */ = {isa = PBXFileReference; lastKnownFileType = text.json; name = dependencies.json; path = Resources/dependencies.json; sourceTree = "<group>"; };
		65182CF72C4C4A96006E0F60 /* DependencyGraph.swift */ = {isa = PBXFileReference; lastKnownFileType = sourcecode.swift; name = DependencyGraph.swift; path = DependencyGraph/DependencyGraph.swift; sourceTree = "<group>"; };
		65182CF92C4C4AA9006E0F60 /* Dependency.swift */ = {isa = PBXFileReference; lastKnownFileType = sourcecode.swift; name = Dependency.swift; path = DependencyGraph/Dependency.swift; sourceTree = "<group>"; };
		65182CFA2C4C4AA9006E0F60 /* DependencyView.swift */ = {isa = PBXFileReference; lastKnownFileType = sourcecode.swift; name = DependencyView.swift; path = DependencyGraph/DependencyView.swift; sourceTree = "<group>"; };
		65182CFB2C4C4AA9006E0F60 /* ContentView.swift */ = {isa = PBXFileReference; lastKnownFileType = sourcecode.swift; name = ContentView.swift; path = DependencyGraph/ContentView.swift; sourceTree = "<group>"; };
		65182CFF2C4C4AB8006E0F60 /* View+Extension.swift */ = {isa = PBXFileReference; lastKnownFileType = sourcecode.swift; name = "View+Extension.swift"; path = "DependencyGraph/View+Extension.swift"; sourceTree = "<group>"; };
		65182D032C4C57BB006E0F60 /* DependencyGraphRelease.entitlements */ = {isa = PBXFileReference; lastKnownFileType = text.plist.entitlements; name = DependencyGraphRelease.entitlements; path = DependencyGraph/DependencyGraphRelease.entitlements; sourceTree = "<group>"; };
		657668232C4C39E5009C6F49 /* DependencyGraph.app */ = {isa = PBXFileReference; explicitFileType = wrapper.application; includeInIndex = 0; path = DependencyGraph.app; sourceTree = BUILT_PRODUCTS_DIR; };
/* End PBXFileReference section */

/* Begin PBXFrameworksBuildPhase section */
		657668202C4C39E5009C6F49 /* Frameworks */ = {
			isa = PBXFrameworksBuildPhase;
			buildActionMask = 2147483647;
			files = (
			);
			runOnlyForDeploymentPostprocessing = 0;
		};
/* End PBXFrameworksBuildPhase section */

/* Begin PBXGroup section */
		6576681A2C4C39E5009C6F49 = {
			isa = PBXGroup;
			children = (
				650E6B932C4DD0CB007B18D7 /* dependencies.json */,
				650E6B912C4DD010007B18D7 /* Resources */,
				65182D032C4C57BB006E0F60 /* DependencyGraphRelease.entitlements */,
				65182CFF2C4C4AB8006E0F60 /* View+Extension.swift */,
				65182CFB2C4C4AA9006E0F60 /* ContentView.swift */,
				65182CF92C4C4AA9006E0F60 /* Dependency.swift */,
				65182CFA2C4C4AA9006E0F60 /* DependencyView.swift */,
				65182CF72C4C4A96006E0F60 /* DependencyGraph.swift */,
				657668242C4C39E5009C6F49 /* Products */,
			);
			sourceTree = "<group>";
		};
		657668242C4C39E5009C6F49 /* Products */ = {
			isa = PBXGroup;
			children = (
				657668232C4C39E5009C6F49 /* DependencyGraph.app */,
			);
			name = Products;
			sourceTree = "<group>";
		};
/* End PBXGroup section */

/* Begin PBXNativeTarget section */
		657668222C4C39E5009C6F49 /* DependencyGraph */ = {
			isa = PBXNativeTarget;
			buildConfigurationList = 657668322C4C39E7009C6F49 /* Build configuration list for PBXNativeTarget "DependencyGraph" */;
			buildPhases = (
				657668202C4C39E5009C6F49 /* Frameworks */,
				657668212C4C39E5009C6F49 /* Resources */,
				65182CF62C4C4A5A006E0F60 /* Sources */,
			);
			buildRules = (
			);
			dependencies = (
			);
			name = DependencyGraph;
			productName = DependencyGraphApp;
			productReference = 657668232C4C39E5009C6F49 /* DependencyGraph.app */;
			productType = "com.apple.product-type.application";
		};
/* End PBXNativeTarget section */

/* Begin PBXProject section */
		6576681B2C4C39E5009C6F49 /* Project object */ = {
			isa = PBXProject;
			attributes = {
				BuildIndependentTargetsInParallel = 1;
				LastSwiftUpdateCheck = 1530;
				LastUpgradeCheck = 1530;
				TargetAttributes = {
					657668222C4C39E5009C6F49 = {
						CreatedOnToolsVersion = 15.3;
					};
				};
			};
			buildConfigurationList = 6576681E2C4C39E5009C6F49 /* Build configuration list for PBXProject "DependencyGraph" */;
			compatibilityVersion = "Xcode 14.0";
			developmentRegion = en;
			hasScannedForEncodings = 0;
			knownRegions = (
				en,
				Base,
			);
			mainGroup = 6576681A2C4C39E5009C6F49;
			productRefGroup = 657668242C4C39E5009C6F49 /* Products */;
			projectDirPath = "";
			projectRoot = "";
			targets = (
				657668222C4C39E5009C6F49 /* DependencyGraph */,
			);
		};
/* End PBXProject section */

/* Begin PBXResourcesBuildPhase section */
		657668212C4C39E5009C6F49 /* Resources */ = {
			isa = PBXResourcesBuildPhase;
			buildActionMask = 2147483647;
			files = (
				650E6B942C4DD0CB007B18D7 /* dependencies.json in Resources */,
				650E6B922C4DD010007B18D7 /* Resources in Resources */,
			);
			runOnlyForDeploymentPostprocessing = 0;
		};
/* End PBXResourcesBuildPhase section */

/* Begin PBXSourcesBuildPhase section */
		65182CF62C4C4A5A006E0F60 /* Sources */ = {
			isa = PBXSourcesBuildPhase;
			buildActionMask = 2147483647;
			files = (
				65182CF82C4C4A96006E0F60 /* DependencyGraph.swift in Sources */,
				65182CFC2C4C4AA9006E0F60 /* Dependency.swift in Sources */,
				65182D002C4C4AB8006E0F60 /* View+Extension.swift in Sources */,
				65182CFD2C4C4AA9006E0F60 /* DependencyView.swift in Sources */,
				65182CFE2C4C4AA9006E0F60 /* ContentView.swift in Sources */,
			);
			runOnlyForDeploymentPostprocessing = 0;
		};
/* End PBXSourcesBuildPhase section */

/* Begin XCBuildConfiguration section */
		657668302C4C39E7009C6F49 /* Debug */ = {
			isa = XCBuildConfiguration;
			buildSettings = {
				ALWAYS_SEARCH_USER_PATHS = NO;
				ASSETCATALOG_COMPILER_GENERATE_SWIFT_ASSET_SYMBOL_EXTENSIONS = YES;
				CLANG_ANALYZER_NONNULL = YES;
				CLANG_ANALYZER_NUMBER_OBJECT_CONVERSION = YES_AGGRESSIVE;
				CLANG_CXX_LANGUAGE_STANDARD = "gnu++20";
				CLANG_ENABLE_MODULES = YES;
				CLANG_ENABLE_OBJC_ARC = YES;
				CLANG_ENABLE_OBJC_WEAK = YES;
				CLANG_WARN_BLOCK_CAPTURE_AUTORELEASING = YES;
				CLANG_WARN_BOOL_CONVERSION = YES;
				CLANG_WARN_COMMA = YES;
				CLANG_WARN_CONSTANT_CONVERSION = YES;
				CLANG_WARN_DEPRECATED_OBJC_IMPLEMENTATIONS = YES;
				CLANG_WARN_DIRECT_OBJC_ISA_USAGE = YES_ERROR;
				CLANG_WARN_DOCUMENTATION_COMMENTS = YES;
				CLANG_WARN_EMPTY_BODY = YES;
				CLANG_WARN_ENUM_CONVERSION = YES;
				CLANG_WARN_INFINITE_RECURSION = YES;
				CLANG_WARN_INT_CONVERSION = YES;
				CLANG_WARN_NON_LITERAL_NULL_CONVERSION = YES;
				CLANG_WARN_OBJC_IMPLICIT_RETAIN_SELF = YES;
				CLANG_WARN_OBJC_LITERAL_CONVERSION = YES;
				CLANG_WARN_OBJC_ROOT_CLASS = YES_ERROR;
				CLANG_WARN_QUOTED_INCLUDE_IN_FRAMEWORK_HEADER = YES;
				CLANG_WARN_RANGE_LOOP_ANALYSIS = YES;
				CLANG_WARN_STRICT_PROTOTYPES = YES;
				CLANG_WARN_SUSPICIOUS_MOVE = YES;
				CLANG_WARN_UNGUARDED_AVAILABILITY = YES_AGGRESSIVE;
				CLANG_WARN_UNREACHABLE_CODE = YES;
				CLANG_WARN__DUPLICATE_METHOD_MATCH = YES;
				COPY_PHASE_STRIP = NO;
				DEBUG_INFORMATION_FORMAT = dwarf;
				ENABLE_STRICT_OBJC_MSGSEND = YES;
				ENABLE_TESTABILITY = YES;
				ENABLE_USER_SCRIPT_SANDBOXING = YES;
				GCC_C_LANGUAGE_STANDARD = gnu17;
				GCC_DYNAMIC_NO_PIC = NO;
				GCC_NO_COMMON_BLOCKS = YES;
				GCC_OPTIMIZATION_LEVEL = 0;
				GCC_PREPROCESSOR_DEFINITIONS = (
					"DEBUG=1",
					"$(inherited)",
				);
				GCC_WARN_64_TO_32_BIT_CONVERSION = YES;
				GCC_WARN_ABOUT_RETURN_TYPE = YES_ERROR;
				GCC_WARN_UNDECLARED_SELECTOR = YES;
				GCC_WARN_UNINITIALIZED_AUTOS = YES_AGGRESSIVE;
				GCC_WARN_UNUSED_FUNCTION = YES;
				GCC_WARN_UNUSED_VARIABLE = YES;
				LOCALIZATION_PREFERS_STRING_CATALOGS = YES;
				MACOSX_DEPLOYMENT_TARGET = 14.4;
				MTL_ENABLE_DEBUG_INFO = INCLUDE_SOURCE;
				MTL_FAST_MATH = YES;
				ONLY_ACTIVE_ARCH = YES;
				SDKROOT = macosx;
				SWIFT_ACTIVE_COMPILATION_CONDITIONS = "DEBUG $(inherited)";
				SWIFT_OPTIMIZATION_LEVEL = "-Onone";
			};
			name = Debug;
		};
		657668312C4C39E7009C6F49 /* Release */ = {
			isa = XCBuildConfiguration;
			buildSettings = {
				ALWAYS_SEARCH_USER_PATHS = NO;
				ASSETCATALOG_COMPILER_GENERATE_SWIFT_ASSET_SYMBOL_EXTENSIONS = YES;
				CLANG_ANALYZER_NONNULL = YES;
				CLANG_ANALYZER_NUMBER_OBJECT_CONVERSION = YES_AGGRESSIVE;
				CLANG_CXX_LANGUAGE_STANDARD = "gnu++20";
				CLANG_ENABLE_MODULES = YES;
				CLANG_ENABLE_OBJC_ARC = YES;
				CLANG_ENABLE_OBJC_WEAK = YES;
				CLANG_WARN_BLOCK_CAPTURE_AUTORELEASING = YES;
				CLANG_WARN_BOOL_CONVERSION = YES;
				CLANG_WARN_COMMA = YES;
				CLANG_WARN_CONSTANT_CONVERSION = YES;
				CLANG_WARN_DEPRECATED_OBJC_IMPLEMENTATIONS = YES;
				CLANG_WARN_DIRECT_OBJC_ISA_USAGE = YES_ERROR;
				CLANG_WARN_DOCUMENTATION_COMMENTS = YES;
				CLANG_WARN_EMPTY_BODY = YES;
				CLANG_WARN_ENUM_CONVERSION = YES;
				CLANG_WARN_INFINITE_RECURSION = YES;
				CLANG_WARN_INT_CONVERSION = YES;
				CLANG_WARN_NON_LITERAL_NULL_CONVERSION = YES;
				CLANG_WARN_OBJC_IMPLICIT_RETAIN_SELF = YES;
				CLANG_WARN_OBJC_LITERAL_CONVERSION = YES;
				CLANG_WARN_OBJC_ROOT_CLASS = YES_ERROR;
				CLANG_WARN_QUOTED_INCLUDE_IN_FRAMEWORK_HEADER = YES;
				CLANG_WARN_RANGE_LOOP_ANALYSIS = YES;
				CLANG_WARN_STRICT_PROTOTYPES = YES;
				CLANG_WARN_SUSPICIOUS_MOVE = YES;
				CLANG_WARN_UNGUARDED_AVAILABILITY = YES_AGGRESSIVE;
				CLANG_WARN_UNREACHABLE_CODE = YES;
				CLANG_WARN__DUPLICATE_METHOD_MATCH = YES;
				COPY_PHASE_STRIP = NO;
				DEBUG_INFORMATION_FORMAT = "dwarf-with-dsym";
				ENABLE_NS_ASSERTIONS = NO;
				ENABLE_STRICT_OBJC_MSGSEND = YES;
				ENABLE_USER_SCRIPT_SANDBOXING = YES;
				GCC_C_LANGUAGE_STANDARD = gnu17;
				GCC_NO_COMMON_BLOCKS = YES;
				GCC_WARN_64_TO_32_BIT_CONVERSION = YES;
				GCC_WARN_ABOUT_RETURN_TYPE = YES_ERROR;
				GCC_WARN_UNDECLARED_SELECTOR = YES;
				GCC_WARN_UNINITIALIZED_AUTOS = YES_AGGRESSIVE;
				GCC_WARN_UNUSED_FUNCTION = YES;
				GCC_WARN_UNUSED_VARIABLE = YES;
				LOCALIZATION_PREFERS_STRING_CATALOGS = YES;
				MACOSX_DEPLOYMENT_TARGET = 14.4;
				MTL_ENABLE_DEBUG_INFO = NO;
				MTL_FAST_MATH = YES;
				SDKROOT = macosx;
				SWIFT_COMPILATION_MODE = wholemodule;
			};
			name = Release;
		};
		657668332C4C39E7009C6F49 /* Debug */ = {
			isa = XCBuildConfiguration;
			buildSettings = {
				ASSETCATALOG_COMPILER_APPICON_NAME = AppIcon;
				ASSETCATALOG_COMPILER_GLOBAL_ACCENT_COLOR_NAME = AccentColor;
				CODE_SIGN_ENTITLEMENTS = DependencyGraph/DependencyGraph.entitlements;
				CODE_SIGN_STYLE = Automatic;
				COMBINE_HIDPI_IMAGES = YES;
				CURRENT_PROJECT_VERSION = 1;
				DEVELOPMENT_ASSET_PATHS = "";
				DEVELOPMENT_TEAM = XSW5VPM32V;
				ENABLE_HARDENED_RUNTIME = YES;
				ENABLE_PREVIEWS = YES;
				GENERATE_INFOPLIST_FILE = YES;
				INFOPLIST_KEY_NSHumanReadableCopyright = "";
				LD_RUNPATH_SEARCH_PATHS = (
					"$(inherited)",
					"@executable_path/../Frameworks",
				);
				MARKETING_VERSION = 1.0;
				PRODUCT_BUNDLE_IDENTIFIER = "com.dddaiki-t.DependencyGraph";
				PRODUCT_NAME = "$(TARGET_NAME)";
				SWIFT_EMIT_LOC_STRINGS = YES;
				SWIFT_VERSION = 5.0;
			};
			name = Debug;
		};
		657668342C4C39E7009C6F49 /* Release */ = {
			isa = XCBuildConfiguration;
			buildSettings = {
				ASSETCATALOG_COMPILER_APPICON_NAME = AppIcon;
				ASSETCATALOG_COMPILER_GLOBAL_ACCENT_COLOR_NAME = AccentColor;
				CODE_SIGN_ENTITLEMENTS = DependencyGraph/DependencyGraphRelease.entitlements;
				"CODE_SIGN_IDENTITY[sdk=macosx*]" = "Apple Development";
				CODE_SIGN_STYLE = Automatic;
				COMBINE_HIDPI_IMAGES = YES;
				CURRENT_PROJECT_VERSION = 1;
				DEVELOPMENT_ASSET_PATHS = "";
				DEVELOPMENT_TEAM = XSW5VPM32V;
				ENABLE_HARDENED_RUNTIME = YES;
				ENABLE_PREVIEWS = YES;
				GENERATE_INFOPLIST_FILE = YES;
				INFOPLIST_KEY_NSHumanReadableCopyright = "";
				LD_RUNPATH_SEARCH_PATHS = (
					"$(inherited)",
					"@executable_path/../Frameworks",
				);
				MARKETING_VERSION = 1.0;
				PRODUCT_BUNDLE_IDENTIFIER = "com.dddaiki-t.DependencyGraph";
				PRODUCT_NAME = "$(TARGET_NAME)";
				SWIFT_EMIT_LOC_STRINGS = YES;
				SWIFT_VERSION = 5.0;
			};
			name = Release;
		};
/* End XCBuildConfiguration section */

/* Begin XCConfigurationList section */
		6576681E2C4C39E5009C6F49 /* Build configuration list for PBXProject "DependencyGraph" */ = {
			isa = XCConfigurationList;
			buildConfigurations = (
				657668302C4C39E7009C6F49 /* Debug */,
				657668312C4C39E7009C6F49 /* Release */,
			);
			defaultConfigurationIsVisible = 0;
			defaultConfigurationName = Release;
		};
		657668322C4C39E7009C6F49 /* Build configuration list for PBXNativeTarget "DependencyGraph" */ = {
			isa = XCConfigurationList;
			buildConfigurations = (
				657668332C4C39E7009C6F49 /* Debug */,
				657668342C4C39E7009C6F49 /* Release */,
			);
			defaultConfigurationIsVisible = 0;
			defaultConfigurationName = Release;
		};
/* End XCConfigurationList section */
	};
	rootObject = 6576681B2C4C39E5009C6F49 /* Project object */;
}
